// !$*UTF8*$!
{
	archiveVersion = 1;
	classes = {
	};
	objectVersion = 50;
	objects = {

/* Begin PBXBuildFile section */
		C170D02221EDCF05000231AA /* AppDelegate.swift in Sources */ = {isa = PBXBuildFile; fileRef = C170D02121EDCF05000231AA /* AppDelegate.swift */; };
		C170D02421EDCF05000231AA /* ViewController.swift in Sources */ = {isa = PBXBuildFile; fileRef = C170D02321EDCF05000231AA /* ViewController.swift */; };
		C170D02721EDCF05000231AA /* Main.storyboard in Resources */ = {isa = PBXBuildFile; fileRef = C170D02521EDCF05000231AA /* Main.storyboard */; };
		C170D02921EDCF06000231AA /* Assets.xcassets in Resources */ = {isa = PBXBuildFile; fileRef = C170D02821EDCF06000231AA /* Assets.xcassets */; };
		C170D02C21EDCF06000231AA /* LaunchScreen.storyboard in Resources */ = {isa = PBXBuildFile; fileRef = C170D02A21EDCF06000231AA /* LaunchScreen.storyboard */; };
		C170D03721EDCF06000231AA /* NYTimesTests.swift in Sources */ = {isa = PBXBuildFile; fileRef = C170D03621EDCF06000231AA /* NYTimesTests.swift */; };
		C170D04221EDCF07000231AA /* NYTimesUITests.swift in Sources */ = {isa = PBXBuildFile; fileRef = C170D04121EDCF07000231AA /* NYTimesUITests.swift */; };
/* End PBXBuildFile section */

/* Begin PBXContainerItemProxy section */
		C170D03321EDCF06000231AA /* PBXContainerItemProxy */ = {
			isa = PBXContainerItemProxy;
			containerPortal = C170D01621EDCF05000231AA /* Project object */;
			proxyType = 1;
			remoteGlobalIDString = C170D01D21EDCF05000231AA;
			remoteInfo = NYTimes;
		};
		C170D03E21EDCF06000231AA /* PBXContainerItemProxy */ = {
			isa = PBXContainerItemProxy;
			containerPortal = C170D01621EDCF05000231AA /* Project object */;
			proxyType = 1;
			remoteGlobalIDString = C170D01D21EDCF05000231AA;
			remoteInfo = NYTimes;
		};
/* End PBXContainerItemProxy section */

/* Begin PBXFileReference section */
		C170D01E21EDCF05000231AA /* NYTimes.app */ = {isa = PBXFileReference; explicitFileType = wrapper.application; includeInIndex = 0; path = NYTimes.app; sourceTree = BUILT_PRODUCTS_DIR; };
		C170D02121EDCF05000231AA /* AppDelegate.swift */ = {isa = PBXFileReference; lastKnownFileType = sourcecode.swift; path = AppDelegate.swift; sourceTree = "<group>"; };
		C170D02321EDCF05000231AA /* ViewController.swift */ = {isa = PBXFileReference; lastKnownFileType = sourcecode.swift; path = ViewController.swift; sourceTree = "<group>"; };
		C170D02621EDCF05000231AA /* Base */ = {isa = PBXFileReference; lastKnownFileType = file.storyboard; name = Base; path = Base.lproj/Main.storyboard; sourceTree = "<group>"; };
		C170D02821EDCF06000231AA /* Assets.xcassets */ = {isa = PBXFileReference; lastKnownFileType = folder.assetcatalog; path = Assets.xcassets; sourceTree = "<group>"; };
		C170D02B21EDCF06000231AA /* Base */ = {isa = PBXFileReference; lastKnownFileType = file.storyboard; name = Base; path = Base.lproj/LaunchScreen.storyboard; sourceTree = "<group>"; };
		C170D02D21EDCF06000231AA /* Info.plist */ = {isa = PBXFileReference; lastKnownFileType = text.plist.xml; path = Info.plist; sourceTree = "<group>"; };
		C170D03221EDCF06000231AA /* NYTimesTests.xctest */ = {isa = PBXFileReference; explicitFileType = wrapper.cfbundle; includeInIndex = 0; path = NYTimesTests.xctest; sourceTree = BUILT_PRODUCTS_DIR; };
		C170D03621EDCF06000231AA /* NYTimesTests.swift */ = {isa = PBXFileReference; lastKnownFileType = sourcecode.swift; path = NYTimesTests.swift; sourceTree = "<group>"; };
		C170D03821EDCF06000231AA /* Info.plist */ = {isa = PBXFileReference; lastKnownFileType = text.plist.xml; path = Info.plist; sourceTree = "<group>"; };
		C170D03D21EDCF06000231AA /* NYTimesUITests.xctest */ = {isa = PBXFileReference; explicitFileType = wrapper.cfbundle; includeInIndex = 0; path = NYTimesUITests.xctest; sourceTree = BUILT_PRODUCTS_DIR; };
		C170D04121EDCF07000231AA /* NYTimesUITests.swift */ = {isa = PBXFileReference; lastKnownFileType = sourcecode.swift; path = NYTimesUITests.swift; sourceTree = "<group>"; };
		C170D04321EDCF07000231AA /* Info.plist */ = {isa = PBXFileReference; lastKnownFileType = text.plist.xml; path = Info.plist; sourceTree = "<group>"; };
/* End PBXFileReference section */

/* Begin PBXFrameworksBuildPhase section */
		C170D01B21EDCF05000231AA /* Frameworks */ = {
			isa = PBXFrameworksBuildPhase;
			buildActionMask = 2147483647;
			files = (
			);
			runOnlyForDeploymentPostprocessing = 0;
		};
		C170D02F21EDCF06000231AA /* Frameworks */ = {
			isa = PBXFrameworksBuildPhase;
			buildActionMask = 2147483647;
			files = (
			);
			runOnlyForDeploymentPostprocessing = 0;
		};
		C170D03A21EDCF06000231AA /* Frameworks */ = {
			isa = PBXFrameworksBuildPhase;
			buildActionMask = 2147483647;
			files = (
			);
			runOnlyForDeploymentPostprocessing = 0;
		};
/* End PBXFrameworksBuildPhase section */

/* Begin PBXGroup section */
		C170D01521EDCF05000231AA = {
			isa = PBXGroup;
			children = (
				C170D02021EDCF05000231AA /* NYTimes */,
				C170D03521EDCF06000231AA /* NYTimesTests */,
				C170D04021EDCF07000231AA /* NYTimesUITests */,
				C170D01F21EDCF05000231AA /* Products */,
			);
			sourceTree = "<group>";
		};
		C170D01F21EDCF05000231AA /* Products */ = {
			isa = PBXGroup;
			children = (
				C170D01E21EDCF05000231AA /* NYTimes.app */,
				C170D03221EDCF06000231AA /* NYTimesTests.xctest */,
				C170D03D21EDCF06000231AA /* NYTimesUITests.xctest */,
			);
			name = Products;
			sourceTree = "<group>";
		};
		C170D02021EDCF05000231AA /* NYTimes */ = {
			isa = PBXGroup;
			children = (
				C170D02121EDCF05000231AA /* AppDelegate.swift */,
				C170D02321EDCF05000231AA /* ViewController.swift */,
				C170D02521EDCF05000231AA /* Main.storyboard */,
				C170D02821EDCF06000231AA /* Assets.xcassets */,
				C170D02A21EDCF06000231AA /* LaunchScreen.storyboard */,
				C170D02D21EDCF06000231AA /* Info.plist */,
			);
			path = NYTimes;
			sourceTree = "<group>";
		};
		C170D03521EDCF06000231AA /* NYTimesTests */ = {
			isa = PBXGroup;
			children = (
				C170D03621EDCF06000231AA /* NYTimesTests.swift */,
				C170D03821EDCF06000231AA /* Info.plist */,
			);
			path = NYTimesTests;
			sourceTree = "<group>";
		};
		C170D04021EDCF07000231AA /* NYTimesUITests */ = {
			isa = PBXGroup;
			children = (
				C170D04121EDCF07000231AA /* NYTimesUITests.swift */,
				C170D04321EDCF07000231AA /* Info.plist */,
			);
			path = NYTimesUITests;
			sourceTree = "<group>";
		};
/* End PBXGroup section */

/* Begin PBXNativeTarget section */
		C170D01D21EDCF05000231AA /* NYTimes */ = {
			isa = PBXNativeTarget;
			buildConfigurationList = C170D04621EDCF07000231AA /* Build configuration list for PBXNativeTarget "NYTimes" */;
			buildPhases = (
				C170D01A21EDCF05000231AA /* Sources */,
				C170D01B21EDCF05000231AA /* Frameworks */,
				C170D01C21EDCF05000231AA /* Resources */,
			);
			buildRules = (
			);
			dependencies = (
			);
			name = NYTimes;
			productName = NYTimes;
			productReference = C170D01E21EDCF05000231AA /* NYTimes.app */;
			productType = "com.apple.product-type.application";
		};
		C170D03121EDCF06000231AA /* NYTimesTests */ = {
			isa = PBXNativeTarget;
			buildConfigurationList = C170D04921EDCF07000231AA /* Build configuration list for PBXNativeTarget "NYTimesTests" */;
			buildPhases = (
				C170D02E21EDCF06000231AA /* Sources */,
				C170D02F21EDCF06000231AA /* Frameworks */,
				C170D03021EDCF06000231AA /* Resources */,
			);
			buildRules = (
			);
			dependencies = (
				C170D03421EDCF06000231AA /* PBXTargetDependency */,
			);
			name = NYTimesTests;
			productName = NYTimesTests;
			productReference = C170D03221EDCF06000231AA /* NYTimesTests.xctest */;
			productType = "com.apple.product-type.bundle.unit-test";
		};
		C170D03C21EDCF06000231AA /* NYTimesUITests */ = {
			isa = PBXNativeTarget;
			buildConfigurationList = C170D04C21EDCF07000231AA /* Build configuration list for PBXNativeTarget "NYTimesUITests" */;
			buildPhases = (
				C170D03921EDCF06000231AA /* Sources */,
				C170D03A21EDCF06000231AA /* Frameworks */,
				C170D03B21EDCF06000231AA /* Resources */,
			);
			buildRules = (
			);
			dependencies = (
				C170D03F21EDCF06000231AA /* PBXTargetDependency */,
			);
			name = NYTimesUITests;
			productName = NYTimesUITests;
			productReference = C170D03D21EDCF06000231AA /* NYTimesUITests.xctest */;
			productType = "com.apple.product-type.bundle.ui-testing";
		};
/* End PBXNativeTarget section */

/* Begin PBXProject section */
		C170D01621EDCF05000231AA /* Project object */ = {
			isa = PBXProject;
			attributes = {
				LastSwiftUpdateCheck = 1010;
				LastUpgradeCheck = 1010;
				ORGANIZATIONNAME = "Yasheed Muhammed";
				TargetAttributes = {
					C170D01D21EDCF05000231AA = {
						CreatedOnToolsVersion = 10.1;
					};
					C170D03121EDCF06000231AA = {
						CreatedOnToolsVersion = 10.1;
						TestTargetID = C170D01D21EDCF05000231AA;
					};
					C170D03C21EDCF06000231AA = {
						CreatedOnToolsVersion = 10.1;
						TestTargetID = C170D01D21EDCF05000231AA;
					};
				};
			};
			buildConfigurationList = C170D01921EDCF05000231AA /* Build configuration list for PBXProject "NYTimes" */;
			compatibilityVersion = "Xcode 9.3";
			developmentRegion = en;
			hasScannedForEncodings = 0;
			knownRegions = (
				en,
				Base,
			);
			mainGroup = C170D01521EDCF05000231AA;
			productRefGroup = C170D01F21EDCF05000231AA /* Products */;
			projectDirPath = "";
			projectRoot = "";
			targets = (
				C170D01D21EDCF05000231AA /* NYTimes */,
				C170D03121EDCF06000231AA /* NYTimesTests */,
				C170D03C21EDCF06000231AA /* NYTimesUITests */,
			);
		};
/* End PBXProject section */

/* Begin PBXResourcesBuildPhase section */
		C170D01C21EDCF05000231AA /* Resources */ = {
			isa = PBXResourcesBuildPhase;
			buildActionMask = 2147483647;
			files = (
				C170D02C21EDCF06000231AA /* LaunchScreen.storyboard in Resources */,
				C170D02921EDCF06000231AA /* Assets.xcassets in Resources */,
				C170D02721EDCF05000231AA /* Main.storyboard in Resources */,
			);
			runOnlyForDeploymentPostprocessing = 0;
		};
		C170D03021EDCF06000231AA /* Resources */ = {
			isa = PBXResourcesBuildPhase;
			buildActionMask = 2147483647;
			files = (
			);
			runOnlyForDeploymentPostprocessing = 0;
		};
		C170D03B21EDCF06000231AA /* Resources */ = {
			isa = PBXResourcesBuildPhase;
			buildActionMask = 2147483647;
			files = (
			);
			runOnlyForDeploymentPostprocessing = 0;
		};
/* End PBXResourcesBuildPhase section */

/* Begin PBXSourcesBuildPhase section */
		C170D01A21EDCF05000231AA /* Sources */ = {
			isa = PBXSourcesBuildPhase;
			buildActionMask = 2147483647;
			files = (
				C170D02421EDCF05000231AA /* ViewController.swift in Sources */,
				C170D02221EDCF05000231AA /* AppDelegate.swift in Sources */,
			);
			runOnlyForDeploymentPostprocessing = 0;
		};
		C170D02E21EDCF06000231AA /* Sources */ = {
			isa = PBXSourcesBuildPhase;
			buildActionMask = 2147483647;
			files = (
				C170D03721EDCF06000231AA /* NYTimesTests.swift in Sources */,
			);
			runOnlyForDeploymentPostprocessing = 0;
		};
		C170D03921EDCF06000231AA /* Sources */ = {
			isa = PBXSourcesBuildPhase;
			buildActionMask = 2147483647;
			files = (
				C170D04221EDCF07000231AA /* NYTimesUITests.swift in Sources */,
			);
			runOnlyForDeploymentPostprocessing = 0;
		};
/* End PBXSourcesBuildPhase section */

/* Begin PBXTargetDependency section */
		C170D03421EDCF06000231AA /* PBXTargetDependency */ = {
			isa = PBXTargetDependency;
			target = C170D01D21EDCF05000231AA /* NYTimes */;
			targetProxy = C170D03321EDCF06000231AA /* PBXContainerItemProxy */;
		};
		C170D03F21EDCF06000231AA /* PBXTargetDependency */ = {
			isa = PBXTargetDependency;
			target = C170D01D21EDCF05000231AA /* NYTimes */;
			targetProxy = C170D03E21EDCF06000231AA /* PBXContainerItemProxy */;
		};
/* End PBXTargetDependency section */

/* Begin PBXVariantGroup section */
		C170D02521EDCF05000231AA /* Main.storyboard */ = {
			isa = PBXVariantGroup;
			children = (
				C170D02621EDCF05000231AA /* Base */,
			);
			name = Main.storyboard;
			sourceTree = "<group>";
		};
		C170D02A21EDCF06000231AA /* LaunchScreen.storyboard */ = {
			isa = PBXVariantGroup;
			children = (
				C170D02B21EDCF06000231AA /* Base */,
			);
			name = LaunchScreen.storyboard;
			sourceTree = "<group>";
		};
/* End PBXVariantGroup section */

/* Begin XCBuildConfiguration section */
		C170D04421EDCF07000231AA /* Debug */ = {
			isa = XCBuildConfiguration;
			buildSettings = {
				ALWAYS_SEARCH_USER_PATHS = NO;
				CLANG_ANALYZER_NONNULL = YES;
				CLANG_ANALYZER_NUMBER_OBJECT_CONVERSION = YES_AGGRESSIVE;
				CLANG_CXX_LANGUAGE_STANDARD = "gnu++14";
				CLANG_CXX_LIBRARY = "libc++";
				CLANG_ENABLE_MODULES = YES;
				CLANG_ENABLE_OBJC_ARC = YES;
				CLANG_ENABLE_OBJC_WEAK = YES;
				CLANG_WARN_BLOCK_CAPTURE_AUTORELEASING = YES;
				CLANG_WARN_BOOL_CONVERSION = YES;
				CLANG_WARN_COMMA = YES;
				CLANG_WARN_CONSTANT_CONVERSION = YES;
				CLANG_WARN_DEPRECATED_OBJC_IMPLEMENTATIONS = YES;
				CLANG_WARN_DIRECT_OBJC_ISA_USAGE = YES_ERROR;
				CLANG_WARN_DOCUMENTATION_COMMENTS = YES;
				CLANG_WARN_EMPTY_BODY = YES;
				CLANG_WARN_ENUM_CONVERSION = YES;
				CLANG_WARN_INFINITE_RECURSION = YES;
				CLANG_WARN_INT_CONVERSION = YES;
				CLANG_WARN_NON_LITERAL_NULL_CONVERSION = YES;
				CLANG_WARN_OBJC_IMPLICIT_RETAIN_SELF = YES;
				CLANG_WARN_OBJC_LITERAL_CONVERSION = YES;
				CLANG_WARN_OBJC_ROOT_CLASS = YES_ERROR;
				CLANG_WARN_RANGE_LOOP_ANALYSIS = YES;
				CLANG_WARN_STRICT_PROTOTYPES = YES;
				CLANG_WARN_SUSPICIOUS_MOVE = YES;
				CLANG_WARN_UNGUARDED_AVAILABILITY = YES_AGGRESSIVE;
				CLANG_WARN_UNREACHABLE_CODE = YES;
				CLANG_WARN__DUPLICATE_METHOD_MATCH = YES;
				CODE_SIGN_IDENTITY = "iPhone Developer";
				COPY_PHASE_STRIP = NO;
				DEBUG_INFORMATION_FORMAT = dwarf;
				ENABLE_STRICT_OBJC_MSGSEND = YES;
				ENABLE_TESTABILITY = YES;
				GCC_C_LANGUAGE_STANDARD = gnu11;
				GCC_DYNAMIC_NO_PIC = NO;
				GCC_NO_COMMON_BLOCKS = YES;
				GCC_OPTIMIZATION_LEVEL = 0;
				GCC_PREPROCESSOR_DEFINITIONS = (
					"DEBUG=1",
					"$(inherited)",
				);
				GCC_WARN_64_TO_32_BIT_CONVERSION = YES;
				GCC_WARN_ABOUT_RETURN_TYPE = YES_ERROR;
				GCC_WARN_UNDECLARED_SELECTOR = YES;
				GCC_WARN_UNINITIALIZED_AUTOS = YES_AGGRESSIVE;
				GCC_WARN_UNUSED_FUNCTION = YES;
				GCC_WARN_UNUSED_VARIABLE = YES;
				IPHONEOS_DEPLOYMENT_TARGET = 12.1;
				MTL_ENABLE_DEBUG_INFO = INCLUDE_SOURCE;
				MTL_FAST_MATH = YES;
				ONLY_ACTIVE_ARCH = YES;
				SDKROOT = iphoneos;
				SWIFT_ACTIVE_COMPILATION_CONDITIONS = DEBUG;
				SWIFT_OPTIMIZATION_LEVEL = "-Onone";
			};
			name = Debug;
		};
		C170D04521EDCF07000231AA /* Release */ = {
			isa = XCBuildConfiguration;
			buildSettings = {
				ALWAYS_SEARCH_USER_PATHS = NO;
				CLANG_ANALYZER_NONNULL = YES;
				CLANG_ANALYZER_NUMBER_OBJECT_CONVERSION = YES_AGGRESSIVE;
				CLANG_CXX_LANGUAGE_STANDARD = "gnu++14";
				CLANG_CXX_LIBRARY = "libc++";
				CLANG_ENABLE_MODULES = YES;
				CLANG_ENABLE_OBJC_ARC = YES;
				CLANG_ENABLE_OBJC_WEAK = YES;
				CLANG_WARN_BLOCK_CAPTURE_AUTORELEASING = YES;
				CLANG_WARN_BOOL_CONVERSION = YES;
				CLANG_WARN_COMMA = YES;
				CLANG_WARN_CONSTANT_CONVERSION = YES;
				CLANG_WARN_DEPRECATED_OBJC_IMPLEMENTATIONS = YES;
				CLANG_WARN_DIRECT_OBJC_ISA_USAGE = YES_ERROR;
				CLANG_WARN_DOCUMENTATION_COMMENTS = YES;
				CLANG_WARN_EMPTY_BODY = YES;
				CLANG_WARN_ENUM_CONVERSION = YES;
				CLANG_WARN_INFINITE_RECURSION = YES;
				CLANG_WARN_INT_CONVERSION = YES;
				CLANG_WARN_NON_LITERAL_NULL_CONVERSION = YES;
				CLANG_WARN_OBJC_IMPLICIT_RETAIN_SELF = YES;
				CLANG_WARN_OBJC_LITERAL_CONVERSION = YES;
				CLANG_WARN_OBJC_ROOT_CLASS = YES_ERROR;
				CLANG_WARN_RANGE_LOOP_ANALYSIS = YES;
				CLANG_WARN_STRICT_PROTOTYPES = YES;
				CLANG_WARN_SUSPICIOUS_MOVE = YES;
				CLANG_WARN_UNGUARDED_AVAILABILITY = YES_AGGRESSIVE;
				CLANG_WARN_UNREACHABLE_CODE = YES;
				CLANG_WARN__DUPLICATE_METHOD_MATCH = YES;
				CODE_SIGN_IDENTITY = "iPhone Developer";
				COPY_PHASE_STRIP = NO;
				DEBUG_INFORMATION_FORMAT = "dwarf-with-dsym";
				ENABLE_NS_ASSERTIONS = NO;
				ENABLE_STRICT_OBJC_MSGSEND = YES;
				GCC_C_LANGUAGE_STANDARD = gnu11;
				GCC_NO_COMMON_BLOCKS = YES;
				GCC_WARN_64_TO_32_BIT_CONVERSION = YES;
				GCC_WARN_ABOUT_RETURN_TYPE = YES_ERROR;
				GCC_WARN_UNDECLARED_SELECTOR = YES;
				GCC_WARN_UNINITIALIZED_AUTOS = YES_AGGRESSIVE;
				GCC_WARN_UNUSED_FUNCTION = YES;
				GCC_WARN_UNUSED_VARIABLE = YES;
				IPHONEOS_DEPLOYMENT_TARGET = 12.1;
				MTL_ENABLE_DEBUG_INFO = NO;
				MTL_FAST_MATH = YES;
				SDKROOT = iphoneos;
				SWIFT_COMPILATION_MODE = wholemodule;
				SWIFT_OPTIMIZATION_LEVEL = "-O";
				VALIDATE_PRODUCT = YES;
			};
			name = Release;
		};
		C170D04721EDCF07000231AA /* Debug */ = {
			isa = XCBuildConfiguration;
			buildSettings = {
				ASSETCATALOG_COMPILER_APPICON_NAME = AppIcon;
				CODE_SIGN_STYLE = Automatic;
				DEVELOPMENT_TEAM = URJ2JNKM9M;
				INFOPLIST_FILE = NYTimes/Info.plist;
				LD_RUNPATH_SEARCH_PATHS = (
					"$(inherited)",
					"@executable_path/Frameworks",
				);
				PRODUCT_BUNDLE_IDENTIFIER = com.my.NYTimes;
				PRODUCT_NAME = "$(TARGET_NAME)";
				SWIFT_VERSION = 4.2;
				TARGETED_DEVICE_FAMILY = "1,2";
			};
			name = Debug;
		};
		C170D04821EDCF07000231AA /* Release */ = {
			isa = XCBuildConfiguration;
			buildSettings = {
				ASSETCATALOG_COMPILER_APPICON_NAME = AppIcon;
				CODE_SIGN_STYLE = Automatic;
				DEVELOPMENT_TEAM = URJ2JNKM9M;
				INFOPLIST_FILE = NYTimes/Info.plist;
				LD_RUNPATH_SEARCH_PATHS = (
					"$(inherited)",
					"@executable_path/Frameworks",
				);
				PRODUCT_BUNDLE_IDENTIFIER = com.my.NYTimes;
				PRODUCT_NAME = "$(TARGET_NAME)";
				SWIFT_VERSION = 4.2;
				TARGETED_DEVICE_FAMILY = "1,2";
			};
			name = Release;
		};
		C170D04A21EDCF07000231AA /* Debug */ = {
			isa = XCBuildConfiguration;
			buildSettings = {
				ALWAYS_EMBED_SWIFT_STANDARD_LIBRARIES = YES;
				BUNDLE_LOADER = "$(TEST_HOST)";
				CODE_SIGN_STYLE = Automatic;
				DEVELOPMENT_TEAM = URJ2JNKM9M;
				INFOPLIST_FILE = NYTimesTests/Info.plist;
				LD_RUNPATH_SEARCH_PATHS = (
					"$(inherited)",
					"@executable_path/Frameworks",
					"@loader_path/Frameworks",
				);
				PRODUCT_BUNDLE_IDENTIFIER = com.my.NYTimesTests;
				PRODUCT_NAME = "$(TARGET_NAME)";
				SWIFT_VERSION = 4.2;
				TARGETED_DEVICE_FAMILY = "1,2";
				TEST_HOST = "$(BUILT_PRODUCTS_DIR)/NYTimes.app/NYTimes";
			};
			name = Debug;
		};
		C170D04B21EDCF07000231AA /* Release */ = {
			isa = XCBuildConfiguration;
			buildSettings = {
				ALWAYS_EMBED_SWIFT_STANDARD_LIBRARIES = YES;
				BUNDLE_LOADER = "$(TEST_HOST)";
				CODE_SIGN_STYLE = Automatic;
				DEVELOPMENT_TEAM = URJ2JNKM9M;
				INFOPLIST_FILE = NYTimesTests/Info.plist;
				LD_RUNPATH_SEARCH_PATHS = (
					"$(inherited)",
					"@executable_path/Frameworks",
					"@loader_path/Frameworks",
				);
				PRODUCT_BUNDLE_IDENTIFIER = com.my.NYTimesTests;
				PRODUCT_NAME = "$(TARGET_NAME)";
				SWIFT_VERSION = 4.2;
				TARGETED_DEVICE_FAMILY = "1,2";
				TEST_HOST = "$(BUILT_PRODUCTS_DIR)/NYTimes.app/NYTimes";
			};
			name = Release;
		};
		C170D04D21EDCF07000231AA /* Debug */ = {
			isa = XCBuildConfiguration;
			buildSettings = {
				ALWAYS_EMBED_SWIFT_STANDARD_LIBRARIES = YES;
				CODE_SIGN_STYLE = Automatic;
				DEVELOPMENT_TEAM = URJ2JNKM9M;
				INFOPLIST_FILE = NYTimesUITests/Info.plist;
				LD_RUNPATH_SEARCH_PATHS = (
					"$(inherited)",
					"@executable_path/Frameworks",
					"@loader_path/Frameworks",
				);
				PRODUCT_BUNDLE_IDENTIFIER = com.my.NYTimesUITests;
				PRODUCT_NAME = "$(TARGET_NAME)";
				SWIFT_VERSION = 4.2;
				TARGETED_DEVICE_FAMILY = "1,2";
				TEST_TARGET_NAME = NYTimes;
			};
			name = Debug;
		};
		C170D04E21EDCF07000231AA /* Release */ = {
			isa = XCBuildConfiguration;
			buildSettings = {
				ALWAYS_EMBED_SWIFT_STANDARD_LIBRARIES = YES;
				CODE_SIGN_STYLE = Automatic;
				DEVELOPMENT_TEAM = URJ2JNKM9M;
				INFOPLIST_FILE = NYTimesUITests/Info.plist;
				LD_RUNPATH_SEARCH_PATHS = (
					"$(inherited)",
					"@executable_path/Frameworks",
					"@loader_path/Frameworks",
				);
				PRODUCT_BUNDLE_IDENTIFIER = com.my.NYTimesUITests;
				PRODUCT_NAME = "$(TARGET_NAME)";
				SWIFT_VERSION = 4.2;
				TARGETED_DEVICE_FAMILY = "1,2";
				TEST_TARGET_NAME = NYTimes;
			};
			name = Release;
		};
/* End XCBuildConfiguration section */

/* Begin XCConfigurationList section */
		C170D01921EDCF05000231AA /* Build configuration list for PBXProject "NYTimes" */ = {
			isa = XCConfigurationList;
			buildConfigurations = (
				C170D04421EDCF07000231AA /* Debug */,
				C170D04521EDCF07000231AA /* Release */,
			);
			defaultConfigurationIsVisible = 0;
			defaultConfigurationName = Release;
		};
		C170D04621EDCF07000231AA /* Build configuration list for PBXNativeTarget "NYTimes" */ = {
			isa = XCConfigurationList;
			buildConfigurations = (
				C170D04721EDCF07000231AA /* Debug */,
				C170D04821EDCF07000231AA /* Release */,
			);
			defaultConfigurationIsVisible = 0;
			defaultConfigurationName = Release;
		};
		C170D04921EDCF07000231AA /* Build configuration list for PBXNativeTarget "NYTimesTests" */ = {
			isa = XCConfigurationList;
			buildConfigurations = (
				C170D04A21EDCF07000231AA /* Debug */,
				C170D04B21EDCF07000231AA /* Release */,
			);
			defaultConfigurationIsVisible = 0;
			defaultConfigurationName = Release;
		};
		C170D04C21EDCF07000231AA /* Build configuration list for PBXNativeTarget "NYTimesUITests" */ = {
			isa = XCConfigurationList;
			buildConfigurations = (
				C170D04D21EDCF07000231AA /* Debug */,
				C170D04E21EDCF07000231AA /* Release */,
			);
			defaultConfigurationIsVisible = 0;
			defaultConfigurationName = Release;
		};
/* End XCConfigurationList section */
	};
	rootObject = C170D01621EDCF05000231AA /* Project object */;
}
